
Microsoft Visual Studio Solution File, Format Version 12.00
# Visual Studio Version 17
VisualStudioVersion = 17.13.35825.156 d17.13
MinimumVisualStudioVersion = 10.0.40219.1
Project("{FAE04EC0-301F-11D3-BF4B-00C04F79EFBC}") = "CRUD Project", "CRUD Project.csproj", "{772B8BFA-7B0F-4381-8E6B-CD5D8AD3F4FF}"
EndProject
Global
	GlobalSection(SolutionConfigurationPlatforms) = preSolution
		Debug|Any CPU = Debug|Any CPU
		Release|Any CPU = Release|Any CPU
	EndGlobalSection
	GlobalSection(ProjectConfigurationPlatforms) = postSolution
		{772B8BFA-7B0F-4381-8E6B-CD5D8AD3F4FF}.Debug|Any CPU.ActiveCfg = Debug|Any CPU
		{772B8BFA-7B0F-4381-8E6B-CD5D8AD3F4FF}.Debug|Any CPU.Build.0 = Debug|Any CPU
		{772B8BFA-7B0F-4381-8E6B-CD5D8AD3F4FF}.Release|Any CPU.ActiveCfg = Release|Any CPU
		{772B8BFA-7B0F-4381-8E6B-CD5D8AD3F4FF}.Release|Any CPU.Build.0 = Release|Any CPU
	EndGlobalSection
	GlobalSection(SolutionProperties) = preSolution
		HideSolutionNode = FALSE
	EndGlobalSection
	GlobalSection(ExtensibilityGlobals) = postSolution
		SolutionGuid = {ECCAB176-BBCE-44F6-9AF8-A3ACF0CC9F5E}
	EndGlobalSection
EndGlobal
